{
  "name": "learn-k6",
  "version": "1.0.0",
  "lockfileVersion": 2,
  "requires": true,
  "packages": {
    "": {
      "name": "learn-k6",
      "version": "1.0.0",
      "license": "ISC",
      "dependencies": {
        "@types/k6": "^0.31.0",
        "typescript": "^4.2.4"
      }
    },
    "node_modules/@types/k6": {
      "version": "0.31.0",
      "resolved": "https://registry.npmjs.org/@types/k6/-/k6-0.31.0.tgz",
      "integrity": "sha512-uSQxRgUVl5kKwdwlgg7vublsAliiugcUi7AaZXhPhMtrAUmYnUxr41X0q8tAu0FK0ovd8r4kwM6uCQvNlmzXxw=="
    },
    "node_modules/typescript": {
      "version": "4.2.4",
      "resolved": "https://registry.npmjs.org/typescript/-/typescript-4.2.4.tgz",
      "integrity": "sha512-V+evlYHZnQkaz8TRBuxTA92yZBPotr5H+WhQ7bD3hZUndx5tGOa1fuCgeSjxAzM1RiN5IzvadIXTVefuuwZCRg==",
      "bin": {
        "tsc": "bin/tsc",
        "tsserver": "bin/tsserver"
      },
      "engines": {
        "node": ">=4.2.0"
      }
    }
  },
  "dependencies": {
    "@types/k6": {
      "version": "0.31.0",
      "resolved": "https://registry.npmjs.org/@types/k6/-/k6-0.31.0.tgz",
      "integrity": "sha512-uSQxRgUVl5kKwdwlgg7vublsAliiugcUi7AaZXhPhMtrAUmYnUxr41X0q8tAu0FK0ovd8r4kwM6uCQvNlmzXxw=="
    },
    "typescript": {
      "version": "4.2.4",
      "resolved": "https://registry.npmjs.org/typescript/-/typescript-4.2.4.tgz",
      "integrity": "sha512-V+evlYHZnQkaz8TRBuxTA92yZBPotr5H+WhQ7bD3hZUndx5tGOa1fuCgeSjxAzM1RiN5IzvadIXTVefuuwZCRg=="
    }
  }
}
